<?xml version="1.0" encoding="utf-8"?>
<Project ToolsVersion="4.0" xmlns="http://schemas.microsoft.com/developer/msbuild/2003">
  <ItemGroup>
    <ClCompile Include="..\common\tinystr.cpp">
      <Filter>common</Filter>
    </ClCompile>
    <ClCompile Include="..\common\tinyxml.cpp">
      <Filter>common</Filter>
    </ClCompile>
    <ClCompile Include="..\common\tinyxmlerror.cpp">
      <Filter>common</Filter>
    </ClCompile>
    <ClCompile Include="..\common\tinyxmlparser.cpp">
      <Filter>common</Filter>
    </ClCompile>
    <ClCompile Include="game_handle.cpp">
      <Filter>handle</Filter>
    </ClCompile>
    <ClCompile Include="client_handle.cpp">
      <Filter>handle</Filter>
    </ClCompile>
    <ClCompile Include="gateserver.cpp" />
    <ClCompile Include="..\common\def.cpp">
      <Filter>common</Filter>
    </ClCompile>
  </ItemGroup>
  <ItemGroup>
    <ClInclude Include="..\common\tinystr.h">
      <Filter>common</Filter>
    </ClInclude>
    <ClInclude Include="..\common\tinyxml.h">
      <Filter>common</Filter>
    </ClInclude>
    <ClInclude Include="gatedef.h" />
    <ClInclude Include="connmgr.h" />
    <ClInclude Include="..\common\NetMsg.h">
      <Filter>common</Filter>
    </ClInclude>
    <ClInclude Include="..\common\ServerNetMsg.h">
      <Filter>common</Filter>
    </ClInclude>
  </ItemGroup>
  <ItemGroup>
    <Filter Include="common">
      <UniqueIdentifier>{2fe29ffe-e5d0-4449-b399-38445ab24121}</UniqueIdentifier>
    </Filter>
    <Filter Include="handle">
      <UniqueIdentifier>{cabbf3f0-018a-41fc-a9db-945fd992ca7f}</UniqueIdentifier>
    </Filter>
  </ItemGroup>
</Project>