<?xml version="1.0" encoding="utf-8"?>
<Project ToolsVersion="4.0" xmlns="http://schemas.microsoft.com/developer/msbuild/2003">
  <ItemGroup>
    <ClCompile Include="dataserver.cpp" />
    <ClCompile Include="..\common\tinystr.cpp">
      <Filter>common</Filter>
    </ClCompile>
    <ClCompile Include="..\common\tinyxml.cpp">
      <Filter>common</Filter>
    </ClCompile>
    <ClCompile Include="..\common\tinyxmlerror.cpp">
      <Filter>common</Filter>
    </ClCompile>
    <ClCompile Include="..\common\tinyxmlparser.cpp">
      <Filter>common</Filter>
    </ClCompile>
    <ClCompile Include="game_handle.cpp">
      <Filter>handle</Filter>
    </ClCompile>
    <ClCompile Include="..\common\def.cpp">
      <Filter>common</Filter>
    </ClCompile>
    <ClCompile Include="dbthread.cpp">
      <Filter>db</Filter>
    </ClCompile>
    <ClCompile Include="dbthreadmgr.cpp">
      <Filter>db</Filter>
    </ClCompile>
    <ClCompile Include="scriptbind.cpp">
      <Filter>script</Filter>
    </ClCompile>
  </ItemGroup>
  <ItemGroup>
    <ClInclude Include="datadef.h" />
    <ClInclude Include="..\common\tinystr.h">
      <Filter>common</Filter>
    </ClInclude>
    <ClInclude Include="..\common\tinyxml.h">
      <Filter>common</Filter>
    </ClInclude>
    <ClInclude Include="dbthread.h">
      <Filter>db</Filter>
    </ClInclude>
    <ClInclude Include="dbthreadmgr.h">
      <Filter>db</Filter>
    </ClInclude>
    <ClInclude Include="scriptbind.h">
      <Filter>script</Filter>
    </ClInclude>
    <ClInclude Include="..\common\DBNetMsg.h">
      <Filter>common</Filter>
    </ClInclude>
    <ClInclude Include="..\common\NetMsg.h">
      <Filter>common</Filter>
    </ClInclude>
    <ClInclude Include="..\common\ServerNetMsg.h">
      <Filter>common</Filter>
    </ClInclude>
    <ClInclude Include="..\common\TagNetMsg.h">
      <Filter>common</Filter>
    </ClInclude>
  </ItemGroup>
  <ItemGroup>
    <Filter Include="common">
      <UniqueIdentifier>{2fe29ffe-e5d0-4449-b399-38445ab24121}</UniqueIdentifier>
    </Filter>
    <Filter Include="handle">
      <UniqueIdentifier>{cabbf3f0-018a-41fc-a9db-945fd992ca7f}</UniqueIdentifier>
    </Filter>
    <Filter Include="db">
      <UniqueIdentifier>{abcbe52f-3b43-4f9d-b29e-dc798f0c3492}</UniqueIdentifier>
    </Filter>
    <Filter Include="script">
      <UniqueIdentifier>{66f5a474-1bfb-4981-a653-dd68ce71acc0}</UniqueIdentifier>
    </Filter>
  </ItemGroup>
</Project>