<?xml version="1.0" encoding="utf-8"?>
<Project ToolsVersion="4.0" xmlns="http://schemas.microsoft.com/developer/msbuild/2003">
  <ItemGroup>
    <ClCompile Include="gameserver.cpp" />
    <ClCompile Include="..\common\tinystr.cpp">
      <Filter>common</Filter>
    </ClCompile>
    <ClCompile Include="..\common\tinyxml.cpp">
      <Filter>common</Filter>
    </ClCompile>
    <ClCompile Include="..\common\tinyxmlerror.cpp">
      <Filter>common</Filter>
    </ClCompile>
    <ClCompile Include="..\common\tinyxmlparser.cpp">
      <Filter>common</Filter>
    </ClCompile>
    <ClCompile Include="data_handle.cpp">
      <Filter>handle</Filter>
    </ClCompile>
    <ClCompile Include="gate_handle.cpp">
      <Filter>handle</Filter>
    </ClCompile>
    <ClCompile Include="..\common\def.cpp">
      <Filter>common</Filter>
    </ClCompile>
    <ClCompile Include="human.cpp">
      <Filter>obj</Filter>
    </ClCompile>
    <ClCompile Include="monster.cpp">
      <Filter>obj</Filter>
    </ClCompile>
    <ClCompile Include="objmgr.cpp">
      <Filter>obj</Filter>
    </ClCompile>
    <ClCompile Include="scene.cpp">
      <Filter>scene</Filter>
    </ClCompile>
    <ClCompile Include="scenemgr.cpp">
      <Filter>scene</Filter>
    </ClCompile>
    <ClCompile Include="obj.cpp">
      <Filter>obj</Filter>
    </ClCompile>
    <ClCompile Include="mod.cpp">
      <Filter>mod</Filter>
    </ClCompile>
    <ClCompile Include="scriptbind.cpp">
      <Filter>script</Filter>
    </ClCompile>
    <ClCompile Include="gamedef.cpp" />
  </ItemGroup>
  <ItemGroup>
    <Filter Include="common">
      <UniqueIdentifier>{739348d4-cbdd-43be-844e-d149538c6341}</UniqueIdentifier>
    </Filter>
    <Filter Include="handle">
      <UniqueIdentifier>{919fc2d1-5f8f-414f-84e5-260a18e778a8}</UniqueIdentifier>
    </Filter>
    <Filter Include="obj">
      <UniqueIdentifier>{06e1b2f1-3ca7-44fe-b1cf-8490835522a2}</UniqueIdentifier>
    </Filter>
    <Filter Include="scene">
      <UniqueIdentifier>{b277a027-9e7e-48b6-acb5-123cc4201c4a}</UniqueIdentifier>
    </Filter>
    <Filter Include="mod">
      <UniqueIdentifier>{05baebd4-4fa5-48fe-9785-56455b9e0b5a}</UniqueIdentifier>
    </Filter>
    <Filter Include="script">
      <UniqueIdentifier>{bead9f11-0b20-467f-858c-c6a022500eeb}</UniqueIdentifier>
    </Filter>
  </ItemGroup>
  <ItemGroup>
    <ClInclude Include="..\common\tinystr.h">
      <Filter>common</Filter>
    </ClInclude>
    <ClInclude Include="..\common\tinyxml.h">
      <Filter>common</Filter>
    </ClInclude>
    <ClInclude Include="gamedef.h" />
    <ClInclude Include="human.h">
      <Filter>obj</Filter>
    </ClInclude>
    <ClInclude Include="monster.h">
      <Filter>obj</Filter>
    </ClInclude>
    <ClInclude Include="objmgr.h">
      <Filter>obj</Filter>
    </ClInclude>
    <ClInclude Include="scene.h">
      <Filter>scene</Filter>
    </ClInclude>
    <ClInclude Include="scenemgr.h">
      <Filter>scene</Filter>
    </ClInclude>
    <ClInclude Include="obj.h">
      <Filter>obj</Filter>
    </ClInclude>
    <ClInclude Include="mod.h">
      <Filter>mod</Filter>
    </ClInclude>
    <ClInclude Include="scriptbind.h">
      <Filter>script</Filter>
    </ClInclude>
    <ClInclude Include="..\common\NetMsg.h">
      <Filter>common</Filter>
    </ClInclude>
    <ClInclude Include="..\common\ServerNetMsg.h">
      <Filter>common</Filter>
    </ClInclude>
  </ItemGroup>
</Project>